
Microsoft Visual Studio Solution File, Format Version 12.00
# Visual Studio Version 17
VisualStudioVersion = 17.13.35913.81 d17.13
MinimumVisualStudioVersion = 10.0.40219.1
Project("{FAE04EC0-301F-11D3-BF4B-00C04F79EFBC}") = "HwCSharp", "HwCSharp\HwCSharp.csproj", "{B3DCB47C-21D6-47AB-85EA-62762CE5EACF}"
EndProject
Global
	GlobalSection(SolutionConfigurationPlatforms) = preSolution
		Debug|Any CPU = Debug|Any CPU
		Release|Any CPU = Release|Any CPU
	EndGlobalSection
	GlobalSection(ProjectConfigurationPlatforms) = postSolution
		{B3DCB47C-21D6-47AB-85EA-62762CE5EACF}.Debug|Any CPU.ActiveCfg = Debug|Any CPU
		{B3DCB47C-21D6-47AB-85EA-62762CE5EACF}.Debug|Any CPU.Build.0 = Debug|Any CPU
		{B3DCB47C-21D6-47AB-85EA-62762CE5EACF}.Release|Any CPU.ActiveCfg = Release|Any CPU
		{B3DCB47C-21D6-47AB-85EA-62762CE5EACF}.Release|Any CPU.Build.0 = Release|Any CPU
	EndGlobalSection
	GlobalSection(SolutionProperties) = preSolution
		HideSolutionNode = FALSE
	EndGlobalSection
	GlobalSection(ExtensibilityGlobals) = postSolution
		SolutionGuid = {0735FEEE-9365-4424-B089-913A3B8CE79D}
	EndGlobalSection
EndGlobal
